
Microsoft Visual Studio Solution File, Format Version 12.00
# Visual Studio Version 16
VisualStudioVersion = 16.0.30804.86
MinimumVisualStudioVersion = 15.0.26124.0
Project("{9A19103F-16F7-4668-BE54-9A1E7A4F7556}") = "Uzx.Infra.TransferObjects", "5-Infra\Uzx.Infra.TransferObjects\Uzx.Infra.TransferObjects.csproj", "{66D4991C-85AA-4F4E-9C92-4A1D2E7A5474}"
EndProject
Project("{9A19103F-16F7-4668-BE54-9A1E7A4F7556}") = "Uzx.Infra.Data", "5-Infra\Uzx.Infra.Data\Uzx.Infra.Data.csproj", "{ACF7A218-1848-42B8-B514-134C94AF63DE}"
EndProject
Project("{9A19103F-16F7-4668-BE54-9A1E7A4F7556}") = "Uzx.Infra.CrossCutting.IoC", "5-Infra\Uzx.Infra.CrossCutting.IoC\Uzx.Infra.CrossCutting.IoC.csproj", "{0488CC66-0456-48A0-A825-2B16163B251A}"
EndProject
Project("{9A19103F-16F7-4668-BE54-9A1E7A4F7556}") = "Uzx.Infra.CrossCutting.Identity", "5-Infra\Uzx.Infra.CrossCutting.Identity\Uzx.Infra.CrossCutting.Identity.csproj", "{E32ED036-AEF9-4B73-98A9-7B75BE69C364}"
EndProject
Project("{2150E333-8FDC-42A3-9474-1A3956D46DE8}") = "5-Infra", "5-Infra", "{BAAAB12A-FB95-4683-9A43-F288E82DD3C4}"
EndProject
Project("{9A19103F-16F7-4668-BE54-9A1E7A4F7556}") = "Uzx.Infra.CrossCutting.Bus", "5-Infra\Uzx.Infra.CrossCutting.Bus\Uzx.Infra.CrossCutting.Bus.csproj", "{AEE58A71-74EB-4617-91A2-9328ED4BCA9C}"
EndProject
Project("{9A19103F-16F7-4668-BE54-9A1E7A4F7556}") = "Uzx.Infra.Commons", "5-Infra\Uzx.Infra.Commons\Uzx.Infra.Commons.csproj", "{50968F75-2548-4123-AFDB-BE509F0B729D}"
EndProject
Project("{2150E333-8FDC-42A3-9474-1A3956D46DE8}") = "4-Domain", "4-Domain", "{034283EB-1E69-4FE2-9C72-132EC75C3C64}"
EndProject
Project("{9A19103F-16F7-4668-BE54-9A1E7A4F7556}") = "Uzx.Domain", "4-Domain\Uzx.Domain\Uzx.Domain.csproj", "{EFA73DF3-E393-4AC3-9417-9D90FDFE22E5}"
EndProject
Project("{9A19103F-16F7-4668-BE54-9A1E7A4F7556}") = "Uzx.Domain.Core", "4-Domain\Uzx.Domain.Core\Uzx.Domain.Core.csproj", "{A932A36F-A4A2-4838-A9FD-488FC1BCA4D7}"
EndProject
Project("{2150E333-8FDC-42A3-9474-1A3956D46DE8}") = "3-Application", "3-Application", "{17B13561-536C-40D2-859E-5719D8F81501}"
EndProject
Project("{9A19103F-16F7-4668-BE54-9A1E7A4F7556}") = "Uzx.Application", "3-Application\Uzx.Application\Uzx.Application.csproj", "{F73DACB1-785E-41FD-8D4D-1DC9A42EF16E}"
EndProject
Project("{2150E333-8FDC-42A3-9474-1A3956D46DE8}") = "2-Services", "2-Services", "{DC63A9F7-06C7-424C-8257-36E86CCC03F4}"
EndProject
Project("{9A19103F-16F7-4668-BE54-9A1E7A4F7556}") = "Uzx.Services.WebApi", "2-Services\Uzx.Services.WebApi\Uzx.Services.WebApi.csproj", "{F3BC0864-1C53-4AC7-B8F2-DAF33C550F11}"
EndProject
Global
	GlobalSection(SolutionConfigurationPlatforms) = preSolution
		Debug|Any CPU = Debug|Any CPU
		Debug|x64 = Debug|x64
		Debug|x86 = Debug|x86
		Release|Any CPU = Release|Any CPU
		Release|x64 = Release|x64
		Release|x86 = Release|x86
	EndGlobalSection
	GlobalSection(ProjectConfigurationPlatforms) = postSolution
		{66D4991C-85AA-4F4E-9C92-4A1D2E7A5474}.Debug|Any CPU.ActiveCfg = Debug|Any CPU
		{66D4991C-85AA-4F4E-9C92-4A1D2E7A5474}.Debug|Any CPU.Build.0 = Debug|Any CPU
		{66D4991C-85AA-4F4E-9C92-4A1D2E7A5474}.Debug|x64.ActiveCfg = Debug|Any CPU
		{66D4991C-85AA-4F4E-9C92-4A1D2E7A5474}.Debug|x64.Build.0 = Debug|Any CPU
		{66D4991C-85AA-4F4E-9C92-4A1D2E7A5474}.Debug|x86.ActiveCfg = Debug|Any CPU
		{66D4991C-85AA-4F4E-9C92-4A1D2E7A5474}.Debug|x86.Build.0 = Debug|Any CPU
		{66D4991C-85AA-4F4E-9C92-4A1D2E7A5474}.Release|Any CPU.ActiveCfg = Release|Any CPU
		{66D4991C-85AA-4F4E-9C92-4A1D2E7A5474}.Release|Any CPU.Build.0 = Release|Any CPU
		{66D4991C-85AA-4F4E-9C92-4A1D2E7A5474}.Release|x64.ActiveCfg = Release|Any CPU
		{66D4991C-85AA-4F4E-9C92-4A1D2E7A5474}.Release|x64.Build.0 = Release|Any CPU
		{66D4991C-85AA-4F4E-9C92-4A1D2E7A5474}.Release|x86.ActiveCfg = Release|Any CPU
		{66D4991C-85AA-4F4E-9C92-4A1D2E7A5474}.Release|x86.Build.0 = Release|Any CPU
		{ACF7A218-1848-42B8-B514-134C94AF63DE}.Debug|Any CPU.ActiveCfg = Debug|Any CPU
		{ACF7A218-1848-42B8-B514-134C94AF63DE}.Debug|Any CPU.Build.0 = Debug|Any CPU
		{ACF7A218-1848-42B8-B514-134C94AF63DE}.Debug|x64.ActiveCfg = Debug|Any CPU
		{ACF7A218-1848-42B8-B514-134C94AF63DE}.Debug|x64.Build.0 = Debug|Any CPU
		{ACF7A218-1848-42B8-B514-134C94AF63DE}.Debug|x86.ActiveCfg = Debug|Any CPU
		{ACF7A218-1848-42B8-B514-134C94AF63DE}.Debug|x86.Build.0 = Debug|Any CPU
		{ACF7A218-1848-42B8-B514-134C94AF63DE}.Release|Any CPU.ActiveCfg = Release|Any CPU
		{ACF7A218-1848-42B8-B514-134C94AF63DE}.Release|Any CPU.Build.0 = Release|Any CPU
		{ACF7A218-1848-42B8-B514-134C94AF63DE}.Release|x64.ActiveCfg = Release|Any CPU
		{ACF7A218-1848-42B8-B514-134C94AF63DE}.Release|x64.Build.0 = Release|Any CPU
		{ACF7A218-1848-42B8-B514-134C94AF63DE}.Release|x86.ActiveCfg = Release|Any CPU
		{ACF7A218-1848-42B8-B514-134C94AF63DE}.Release|x86.Build.0 = Release|Any CPU
		{0488CC66-0456-48A0-A825-2B16163B251A}.Debug|Any CPU.ActiveCfg = Debug|Any CPU
		{0488CC66-0456-48A0-A825-2B16163B251A}.Debug|Any CPU.Build.0 = Debug|Any CPU
		{0488CC66-0456-48A0-A825-2B16163B251A}.Debug|x64.ActiveCfg = Debug|Any CPU
		{0488CC66-0456-48A0-A825-2B16163B251A}.Debug|x64.Build.0 = Debug|Any CPU
		{0488CC66-0456-48A0-A825-2B16163B251A}.Debug|x86.ActiveCfg = Debug|Any CPU
		{0488CC66-0456-48A0-A825-2B16163B251A}.Debug|x86.Build.0 = Debug|Any CPU
		{0488CC66-0456-48A0-A825-2B16163B251A}.Release|Any CPU.ActiveCfg = Release|Any CPU
		{0488CC66-0456-48A0-A825-2B16163B251A}.Release|Any CPU.Build.0 = Release|Any CPU
		{0488CC66-0456-48A0-A825-2B16163B251A}.Release|x64.ActiveCfg = Release|Any CPU
		{0488CC66-0456-48A0-A825-2B16163B251A}.Release|x64.Build.0 = Release|Any CPU
		{0488CC66-0456-48A0-A825-2B16163B251A}.Release|x86.ActiveCfg = Release|Any CPU
		{0488CC66-0456-48A0-A825-2B16163B251A}.Release|x86.Build.0 = Release|Any CPU
		{E32ED036-AEF9-4B73-98A9-7B75BE69C364}.Debug|Any CPU.ActiveCfg = Debug|Any CPU
		{E32ED036-AEF9-4B73-98A9-7B75BE69C364}.Debug|Any CPU.Build.0 = Debug|Any CPU
		{E32ED036-AEF9-4B73-98A9-7B75BE69C364}.Debug|x64.ActiveCfg = Debug|Any CPU
		{E32ED036-AEF9-4B73-98A9-7B75BE69C364}.Debug|x64.Build.0 = Debug|Any CPU
		{E32ED036-AEF9-4B73-98A9-7B75BE69C364}.Debug|x86.ActiveCfg = Debug|Any CPU
		{E32ED036-AEF9-4B73-98A9-7B75BE69C364}.Debug|x86.Build.0 = Debug|Any CPU
		{E32ED036-AEF9-4B73-98A9-7B75BE69C364}.Release|Any CPU.ActiveCfg = Release|Any CPU
		{E32ED036-AEF9-4B73-98A9-7B75BE69C364}.Release|Any CPU.Build.0 = Release|Any CPU
		{E32ED036-AEF9-4B73-98A9-7B75BE69C364}.Release|x64.ActiveCfg = Release|Any CPU
		{E32ED036-AEF9-4B73-98A9-7B75BE69C364}.Release|x64.Build.0 = Release|Any CPU
		{E32ED036-AEF9-4B73-98A9-7B75BE69C364}.Release|x86.ActiveCfg = Release|Any CPU
		{E32ED036-AEF9-4B73-98A9-7B75BE69C364}.Release|x86.Build.0 = Release|Any CPU
		{AEE58A71-74EB-4617-91A2-9328ED4BCA9C}.Debug|Any CPU.ActiveCfg = Debug|Any CPU
		{AEE58A71-74EB-4617-91A2-9328ED4BCA9C}.Debug|Any CPU.Build.0 = Debug|Any CPU
		{AEE58A71-74EB-4617-91A2-9328ED4BCA9C}.Debug|x64.ActiveCfg = Debug|Any CPU
		{AEE58A71-74EB-4617-91A2-9328ED4BCA9C}.Debug|x64.Build.0 = Debug|Any CPU
		{AEE58A71-74EB-4617-91A2-9328ED4BCA9C}.Debug|x86.ActiveCfg = Debug|Any CPU
		{AEE58A71-74EB-4617-91A2-9328ED4BCA9C}.Debug|x86.Build.0 = Debug|Any CPU
		{AEE58A71-74EB-4617-91A2-9328ED4BCA9C}.Release|Any CPU.ActiveCfg = Release|Any CPU
		{AEE58A71-74EB-4617-91A2-9328ED4BCA9C}.Release|Any CPU.Build.0 = Release|Any CPU
		{AEE58A71-74EB-4617-91A2-9328ED4BCA9C}.Release|x64.ActiveCfg = Release|Any CPU
		{AEE58A71-74EB-4617-91A2-9328ED4BCA9C}.Release|x64.Build.0 = Release|Any CPU
		{AEE58A71-74EB-4617-91A2-9328ED4BCA9C}.Release|x86.ActiveCfg = Release|Any CPU
		{AEE58A71-74EB-4617-91A2-9328ED4BCA9C}.Release|x86.Build.0 = Release|Any CPU
		{50968F75-2548-4123-AFDB-BE509F0B729D}.Debug|Any CPU.ActiveCfg = Debug|Any CPU
		{50968F75-2548-4123-AFDB-BE509F0B729D}.Debug|Any CPU.Build.0 = Debug|Any CPU
		{50968F75-2548-4123-AFDB-BE509F0B729D}.Debug|x64.ActiveCfg = Debug|Any CPU
		{50968F75-2548-4123-AFDB-BE509F0B729D}.Debug|x64.Build.0 = Debug|Any CPU
		{50968F75-2548-4123-AFDB-BE509F0B729D}.Debug|x86.ActiveCfg = Debug|Any CPU
		{50968F75-2548-4123-AFDB-BE509F0B729D}.Debug|x86.Build.0 = Debug|Any CPU
		{50968F75-2548-4123-AFDB-BE509F0B729D}.Release|Any CPU.ActiveCfg = Release|Any CPU
		{50968F75-2548-4123-AFDB-BE509F0B729D}.Release|Any CPU.Build.0 = Release|Any CPU
		{50968F75-2548-4123-AFDB-BE509F0B729D}.Release|x64.ActiveCfg = Release|Any CPU
		{50968F75-2548-4123-AFDB-BE509F0B729D}.Release|x64.Build.0 = Release|Any CPU
		{50968F75-2548-4123-AFDB-BE509F0B729D}.Release|x86.ActiveCfg = Release|Any CPU
		{50968F75-2548-4123-AFDB-BE509F0B729D}.Release|x86.Build.0 = Release|Any CPU
		{EFA73DF3-E393-4AC3-9417-9D90FDFE22E5}.Debug|Any CPU.ActiveCfg = Debug|Any CPU
		{EFA73DF3-E393-4AC3-9417-9D90FDFE22E5}.Debug|Any CPU.Build.0 = Debug|Any CPU
		{EFA73DF3-E393-4AC3-9417-9D90FDFE22E5}.Debug|x64.ActiveCfg = Debug|Any CPU
		{EFA73DF3-E393-4AC3-9417-9D90FDFE22E5}.Debug|x64.Build.0 = Debug|Any CPU
		{EFA73DF3-E393-4AC3-9417-9D90FDFE22E5}.Debug|x86.ActiveCfg = Debug|Any CPU
		{EFA73DF3-E393-4AC3-9417-9D90FDFE22E5}.Debug|x86.Build.0 = Debug|Any CPU
		{EFA73DF3-E393-4AC3-9417-9D90FDFE22E5}.Release|Any CPU.ActiveCfg = Release|Any CPU
		{EFA73DF3-E393-4AC3-9417-9D90FDFE22E5}.Release|Any CPU.Build.0 = Release|Any CPU
		{EFA73DF3-E393-4AC3-9417-9D90FDFE22E5}.Release|x64.ActiveCfg = Release|Any CPU
		{EFA73DF3-E393-4AC3-9417-9D90FDFE22E5}.Release|x64.Build.0 = Release|Any CPU
		{EFA73DF3-E393-4AC3-9417-9D90FDFE22E5}.Release|x86.ActiveCfg = Release|Any CPU
		{EFA73DF3-E393-4AC3-9417-9D90FDFE22E5}.Release|x86.Build.0 = Release|Any CPU
		{A932A36F-A4A2-4838-A9FD-488FC1BCA4D7}.Debug|Any CPU.ActiveCfg = Debug|Any CPU
		{A932A36F-A4A2-4838-A9FD-488FC1BCA4D7}.Debug|Any CPU.Build.0 = Debug|Any CPU
		{A932A36F-A4A2-4838-A9FD-488FC1BCA4D7}.Debug|x64.ActiveCfg = Debug|Any CPU
		{A932A36F-A4A2-4838-A9FD-488FC1BCA4D7}.Debug|x64.Build.0 = Debug|Any CPU
		{A932A36F-A4A2-4838-A9FD-488FC1BCA4D7}.Debug|x86.ActiveCfg = Debug|Any CPU
		{A932A36F-A4A2-4838-A9FD-488FC1BCA4D7}.Debug|x86.Build.0 = Debug|Any CPU
		{A932A36F-A4A2-4838-A9FD-488FC1BCA4D7}.Release|Any CPU.ActiveCfg = Release|Any CPU
		{A932A36F-A4A2-4838-A9FD-488FC1BCA4D7}.Release|Any CPU.Build.0 = Release|Any CPU
		{A932A36F-A4A2-4838-A9FD-488FC1BCA4D7}.Release|x64.ActiveCfg = Release|Any CPU
		{A932A36F-A4A2-4838-A9FD-488FC1BCA4D7}.Release|x64.Build.0 = Release|Any CPU
		{A932A36F-A4A2-4838-A9FD-488FC1BCA4D7}.Release|x86.ActiveCfg = Release|Any CPU
		{A932A36F-A4A2-4838-A9FD-488FC1BCA4D7}.Release|x86.Build.0 = Release|Any CPU
		{F73DACB1-785E-41FD-8D4D-1DC9A42EF16E}.Debug|Any CPU.ActiveCfg = Debug|Any CPU
		{F73DACB1-785E-41FD-8D4D-1DC9A42EF16E}.Debug|Any CPU.Build.0 = Debug|Any CPU
		{F73DACB1-785E-41FD-8D4D-1DC9A42EF16E}.Debug|x64.ActiveCfg = Debug|Any CPU
		{F73DACB1-785E-41FD-8D4D-1DC9A42EF16E}.Debug|x64.Build.0 = Debug|Any CPU
		{F73DACB1-785E-41FD-8D4D-1DC9A42EF16E}.Debug|x86.ActiveCfg = Debug|Any CPU
		{F73DACB1-785E-41FD-8D4D-1DC9A42EF16E}.Debug|x86.Build.0 = Debug|Any CPU
		{F73DACB1-785E-41FD-8D4D-1DC9A42EF16E}.Release|Any CPU.ActiveCfg = Release|Any CPU
		{F73DACB1-785E-41FD-8D4D-1DC9A42EF16E}.Release|Any CPU.Build.0 = Release|Any CPU
		{F73DACB1-785E-41FD-8D4D-1DC9A42EF16E}.Release|x64.ActiveCfg = Release|Any CPU
		{F73DACB1-785E-41FD-8D4D-1DC9A42EF16E}.Release|x64.Build.0 = Release|Any CPU
		{F73DACB1-785E-41FD-8D4D-1DC9A42EF16E}.Release|x86.ActiveCfg = Release|Any CPU
		{F73DACB1-785E-41FD-8D4D-1DC9A42EF16E}.Release|x86.Build.0 = Release|Any CPU
		{F3BC0864-1C53-4AC7-B8F2-DAF33C550F11}.Debug|Any CPU.ActiveCfg = Debug|Any CPU
		{F3BC0864-1C53-4AC7-B8F2-DAF33C550F11}.Debug|Any CPU.Build.0 = Debug|Any CPU
		{F3BC0864-1C53-4AC7-B8F2-DAF33C550F11}.Debug|x64.ActiveCfg = Debug|Any CPU
		{F3BC0864-1C53-4AC7-B8F2-DAF33C550F11}.Debug|x64.Build.0 = Debug|Any CPU
		{F3BC0864-1C53-4AC7-B8F2-DAF33C550F11}.Debug|x86.ActiveCfg = Debug|Any CPU
		{F3BC0864-1C53-4AC7-B8F2-DAF33C550F11}.Debug|x86.Build.0 = Debug|Any CPU
		{F3BC0864-1C53-4AC7-B8F2-DAF33C550F11}.Release|Any CPU.ActiveCfg = Release|Any CPU
		{F3BC0864-1C53-4AC7-B8F2-DAF33C550F11}.Release|Any CPU.Build.0 = Release|Any CPU
		{F3BC0864-1C53-4AC7-B8F2-DAF33C550F11}.Release|x64.ActiveCfg = Release|Any CPU
		{F3BC0864-1C53-4AC7-B8F2-DAF33C550F11}.Release|x64.Build.0 = Release|Any CPU
		{F3BC0864-1C53-4AC7-B8F2-DAF33C550F11}.Release|x86.ActiveCfg = Release|Any CPU
		{F3BC0864-1C53-4AC7-B8F2-DAF33C550F11}.Release|x86.Build.0 = Release|Any CPU
	EndGlobalSection
	GlobalSection(SolutionProperties) = preSolution
		HideSolutionNode = FALSE
	EndGlobalSection
	GlobalSection(NestedProjects) = preSolution
		{66D4991C-85AA-4F4E-9C92-4A1D2E7A5474} = {BAAAB12A-FB95-4683-9A43-F288E82DD3C4}
		{ACF7A218-1848-42B8-B514-134C94AF63DE} = {BAAAB12A-FB95-4683-9A43-F288E82DD3C4}
		{0488CC66-0456-48A0-A825-2B16163B251A} = {BAAAB12A-FB95-4683-9A43-F288E82DD3C4}
		{E32ED036-AEF9-4B73-98A9-7B75BE69C364} = {BAAAB12A-FB95-4683-9A43-F288E82DD3C4}
		{AEE58A71-74EB-4617-91A2-9328ED4BCA9C} = {BAAAB12A-FB95-4683-9A43-F288E82DD3C4}
		{50968F75-2548-4123-AFDB-BE509F0B729D} = {BAAAB12A-FB95-4683-9A43-F288E82DD3C4}
		{EFA73DF3-E393-4AC3-9417-9D90FDFE22E5} = {034283EB-1E69-4FE2-9C72-132EC75C3C64}
		{A932A36F-A4A2-4838-A9FD-488FC1BCA4D7} = {034283EB-1E69-4FE2-9C72-132EC75C3C64}
		{F73DACB1-785E-41FD-8D4D-1DC9A42EF16E} = {17B13561-536C-40D2-859E-5719D8F81501}
		{F3BC0864-1C53-4AC7-B8F2-DAF33C550F11} = {DC63A9F7-06C7-424C-8257-36E86CCC03F4}
	EndGlobalSection
	GlobalSection(ExtensibilityGlobals) = postSolution
		SolutionGuid = {D1818CC8-9062-4CAD-A478-804D89D34985}
	EndGlobalSection
EndGlobal
